
Microsoft Visual Studio Solution File, Format Version 12.00
# Visual Studio Version 16
VisualStudioVersion = 16.0.30114.105
MinimumVisualStudioVersion = 10.0.40219.1
Project("{9A19103F-16F7-4668-BE54-9A1E7A4F7556}") = "RoyalGameOfUr", "RoyalGameOfUr.csproj", "{B673A655-986B-4C13-BF65-2F2C157DF965}"
EndProject
Global
	GlobalSection(SolutionConfigurationPlatforms) = preSolution
		Debug|Any CPU = Debug|Any CPU
		Release|Any CPU = Release|Any CPU
	EndGlobalSection
	GlobalSection(ProjectConfigurationPlatforms) = postSolution
		{B673A655-986B-4C13-BF65-2F2C157DF965}.Debug|Any CPU.ActiveCfg = Debug|Any CPU
		{B673A655-986B-4C13-BF65-2F2C157DF965}.Debug|Any CPU.Build.0 = Debug|Any CPU
		{B673A655-986B-4C13-BF65-2F2C157DF965}.Release|Any CPU.ActiveCfg = Release|Any CPU
		{B673A655-986B-4C13-BF65-2F2C157DF965}.Release|Any CPU.Build.0 = Release|Any CPU
	EndGlobalSection
	GlobalSection(SolutionProperties) = preSolution
		HideSolutionNode = FALSE
	EndGlobalSection
	GlobalSection(ExtensibilityGlobals) = postSolution
		SolutionGuid = {433BC9A4-576C-4CE7-8233-F685F110F417}
	EndGlobalSection
EndGlobal
